// !$*UTF8*$!
{
	archiveVersion = 1;
	classes = {
	};
	objectVersion = 56;
	objects = {

/* Begin PBXBuildFile section */
		5B03F2202C056C4E00A3395D /* CategoryPicker.swift in Sources */ = {isa = PBXBuildFile; fileRef = 5B03F21F2C056C4E00A3395D /* CategoryPicker.swift */; };
		5B1752012BEFDFDB00998D5E /* TransactionDetailsView.swift in Sources */ = {isa = PBXBuildFile; fileRef = 5B1752002BEFDFDB00998D5E /* TransactionDetailsView.swift */; };
		5B1752032BEFE7BE00998D5E /* EditTransactionView.swift in Sources */ = {isa = PBXBuildFile; fileRef = 5B1752022BEFE7BE00998D5E /* EditTransactionView.swift */; };
		5B1752052BF0665D00998D5E /* Launch Screen.storyboard in Resources */ = {isa = PBXBuildFile; fileRef = 5B1752042BF0665D00998D5E /* Launch Screen.storyboard */; };
		5B1752072BF068F100998D5E /* TimelineTotalsView.swift in Sources */ = {isa = PBXBuildFile; fileRef = 5B1752062BF068F100998D5E /* TimelineTotalsView.swift */; };
		5B2A498B2C5EE45B007B9525 /* DashboardExpiringTransactionsSection.swift in Sources */ = {isa = PBXBuildFile; fileRef = 5B2A498A2C5EE45B007B9525 /* DashboardExpiringTransactionsSection.swift */; };
		5B2A498D2C5EE5A4007B9525 /* DashboardViewViewModel.swift in Sources */ = {isa = PBXBuildFile; fileRef = 5B2A498C2C5EE5A4007B9525 /* DashboardViewViewModel.swift */; };
		5B2A49902C5F4C78007B9525 /* DashboardModel.swift in Sources */ = {isa = PBXBuildFile; fileRef = 5B2A498F2C5F4C78007B9525 /* DashboardModel.swift */; };
		5B41CC3E2BE0AAC000264C9A /* SigninModel.swift in Sources */ = {isa = PBXBuildFile; fileRef = 5B41CC3D2BE0AAC000264C9A /* SigninModel.swift */; };
		5B41CC402BE0AB9C00264C9A /* AppConstants.swift in Sources */ = {isa = PBXBuildFile; fileRef = 5B41CC3F2BE0AB9C00264C9A /* AppConstants.swift */; };
		5B41CC422BE0BEC900264C9A /* ProfileViewViewModel.swift in Sources */ = {isa = PBXBuildFile; fileRef = 5B41CC412BE0BEC900264C9A /* ProfileViewViewModel.swift */; };
		5B41CC442BE1A03100264C9A /* PlanningsModel.swift in Sources */ = {isa = PBXBuildFile; fileRef = 5B41CC432BE1A03100264C9A /* PlanningsModel.swift */; };
		5B41CC462BE1A0B400264C9A /* Errors.swift in Sources */ = {isa = PBXBuildFile; fileRef = 5B41CC452BE1A0B400264C9A /* Errors.swift */; };
		5B41CC482BE1A1D100264C9A /* PlanningsViewViewModel.swift in Sources */ = {isa = PBXBuildFile; fileRef = 5B41CC472BE1A1D100264C9A /* PlanningsViewViewModel.swift */; };
		5B41CC4A2BE1A59500264C9A /* PlanningItemView.swift in Sources */ = {isa = PBXBuildFile; fileRef = 5B41CC492BE1A59500264C9A /* PlanningItemView.swift */; };
		5B4833752C3722F0006C15CD /* PlanningStore.swift in Sources */ = {isa = PBXBuildFile; fileRef = 5B4833742C3722F0006C15CD /* PlanningStore.swift */; };
		5B5BDA352BE020B7009046D1 /* UserEntity.swift in Sources */ = {isa = PBXBuildFile; fileRef = 5B5BDA342BE020B7009046D1 /* UserEntity.swift */; };
		5B5BDA372BE020F4009046D1 /* AuthEntity.swift in Sources */ = {isa = PBXBuildFile; fileRef = 5B5BDA362BE020F4009046D1 /* AuthEntity.swift */; };
		5B5BDA392BE02104009046D1 /* PlanningEntity.swift in Sources */ = {isa = PBXBuildFile; fileRef = 5B5BDA382BE02104009046D1 /* PlanningEntity.swift */; };
		5B6DC12B2BFBD4FB00158A5B /* ChipView.swift in Sources */ = {isa = PBXBuildFile; fileRef = 5B6DC12A2BFBD4FB00158A5B /* ChipView.swift */; };
		5B6DC12D2BFBDFEF00158A5B /* FilterPeriod.swift in Sources */ = {isa = PBXBuildFile; fileRef = 5B6DC12C2BFBDFEF00158A5B /* FilterPeriod.swift */; };
		5B6DC12F2BFBE40E00158A5B /* ChipContainerView.swift in Sources */ = {isa = PBXBuildFile; fileRef = 5B6DC12E2BFBE40E00158A5B /* ChipContainerView.swift */; };
		5B6DC1312BFC20E000158A5B /* FiltersEntity.swift in Sources */ = {isa = PBXBuildFile; fileRef = 5B6DC1302BFC20E000158A5B /* FiltersEntity.swift */; };
		5B6DC1352C000B7700158A5B /* CategoryEntity.swift in Sources */ = {isa = PBXBuildFile; fileRef = 5B6DC1342C000B7700158A5B /* CategoryEntity.swift */; };
		5B6DC1372C000C9F00158A5B /* CategoryPickerItemView.swift in Sources */ = {isa = PBXBuildFile; fileRef = 5B6DC1362C000C9F00158A5B /* CategoryPickerItemView.swift */; };
		5B6DC13B2C00102100158A5B /* IconCircleView.swift in Sources */ = {isa = PBXBuildFile; fileRef = 5B6DC13A2C00102100158A5B /* IconCircleView.swift */; };
		5B7118362C5206A500AACFE1 /* DuplicateTransactionsView.swift in Sources */ = {isa = PBXBuildFile; fileRef = 5B7118352C5206A500AACFE1 /* DuplicateTransactionsView.swift */; };
		5B7118382C5337CB00AACFE1 /* DuplicateTransactionListItemView.swift in Sources */ = {isa = PBXBuildFile; fileRef = 5B7118372C5337CB00AACFE1 /* DuplicateTransactionListItemView.swift */; };
		5B7118432C5C6DC300AACFE1 /* DashboardView.swift in Sources */ = {isa = PBXBuildFile; fileRef = 5B7118422C5C6DC300AACFE1 /* DashboardView.swift */; };
		5B7118452C5C74CD00AACFE1 /* PlanningSelectorView.swift in Sources */ = {isa = PBXBuildFile; fileRef = 5B7118442C5C74CD00AACFE1 /* PlanningSelectorView.swift */; };
		5B8DDEE52BED4EEB003CB056 /* WWButton.swift in Sources */ = {isa = PBXBuildFile; fileRef = 5B8DDEE42BED4EEB003CB056 /* WWButton.swift */; };
		5BA9C9D02BEABF1000F57AC2 /* AppStore.swift in Sources */ = {isa = PBXBuildFile; fileRef = 5BA9C9CF2BEABF1000F57AC2 /* AppStore.swift */; };
		5BAFFABE2C0815E200B9AD26 /* UserModel.swift in Sources */ = {isa = PBXBuildFile; fileRef = 5BAFFABD2C0815E200B9AD26 /* UserModel.swift */; };
		5BAFFAC02C095E9800B9AD26 /* EditPlanningView.swift in Sources */ = {isa = PBXBuildFile; fileRef = 5BAFFABF2C095E9800B9AD26 /* EditPlanningView.swift */; };
		5BBCB7CA2BE44161004E8A47 /* UtilsService.swift in Sources */ = {isa = PBXBuildFile; fileRef = 5BBCB7C92BE44161004E8A47 /* UtilsService.swift */; };
		5BBCB7CC2BE46215004E8A47 /* TimelineModel.swift in Sources */ = {isa = PBXBuildFile; fileRef = 5BBCB7CB2BE46215004E8A47 /* TimelineModel.swift */; };
		5BBCB7CE2BE4631A004E8A47 /* TransactionsViewViewModel.swift in Sources */ = {isa = PBXBuildFile; fileRef = 5BBCB7CD2BE4631A004E8A47 /* TransactionsViewViewModel.swift */; };
		5BBCB7D02BE4902B004E8A47 /* ErrorEntity.swift in Sources */ = {isa = PBXBuildFile; fileRef = 5BBCB7CF2BE4902B004E8A47 /* ErrorEntity.swift */; };
		5BBCB7D22BE5EB68004E8A47 /* NewTransactionView.swift in Sources */ = {isa = PBXBuildFile; fileRef = 5BBCB7D12BE5EB68004E8A47 /* NewTransactionView.swift */; };
		5BBCB7D62BE8472F004E8A47 /* TransactionModel.swift in Sources */ = {isa = PBXBuildFile; fileRef = 5BBCB7D52BE8472F004E8A47 /* TransactionModel.swift */; };
		5BD20C642C114DA5000F2228 /* SignupModel.swift in Sources */ = {isa = PBXBuildFile; fileRef = 5BD20C632C114DA5000F2228 /* SignupModel.swift */; };
		5BD882232C0EA128004F0620 /* OutlinedTextFieldStyle.swift in Sources */ = {isa = PBXBuildFile; fileRef = 5BD882222C0EA128004F0620 /* OutlinedTextFieldStyle.swift */; };
		5BD882252C0EA263004F0620 /* UnderlinedTextFieldStyle.swift in Sources */ = {isa = PBXBuildFile; fileRef = 5BD882242C0EA263004F0620 /* UnderlinedTextFieldStyle.swift */; };
		5BD882272C0EA33F004F0620 /* RoundedTextFieldStyle.swift in Sources */ = {isa = PBXBuildFile; fileRef = 5BD882262C0EA33F004F0620 /* RoundedTextFieldStyle.swift */; };
		5BE0DEFE2BDF5D15003BBD41 /* WalletWiseApp.swift in Sources */ = {isa = PBXBuildFile; fileRef = 5BE0DEFD2BDF5D15003BBD41 /* WalletWiseApp.swift */; };
		5BE0DF002BDF5D15003BBD41 /* MainView.swift in Sources */ = {isa = PBXBuildFile; fileRef = 5BE0DEFF2BDF5D15003BBD41 /* MainView.swift */; };
		5BE0DF022BDF5D17003BBD41 /* Assets.xcassets in Resources */ = {isa = PBXBuildFile; fileRef = 5BE0DF012BDF5D17003BBD41 /* Assets.xcassets */; };
		5BE0DF062BDF5D17003BBD41 /* Preview Assets.xcassets in Resources */ = {isa = PBXBuildFile; fileRef = 5BE0DF052BDF5D17003BBD41 /* Preview Assets.xcassets */; };
		5BE0DF102BDF5D18003BBD41 /* WalletWiseTests.swift in Sources */ = {isa = PBXBuildFile; fileRef = 5BE0DF0F2BDF5D18003BBD41 /* WalletWiseTests.swift */; };
		5BE0DF1A2BDF5D18003BBD41 /* WalletWiseUITests.swift in Sources */ = {isa = PBXBuildFile; fileRef = 5BE0DF192BDF5D18003BBD41 /* WalletWiseUITests.swift */; };
		5BE0DF1C2BDF5D18003BBD41 /* WalletWiseUITestsLaunchTests.swift in Sources */ = {isa = PBXBuildFile; fileRef = 5BE0DF1B2BDF5D18003BBD41 /* WalletWiseUITestsLaunchTests.swift */; };
		5BE3AD632C6C3E290015A11A /* WelcomeFirstView.swift in Sources */ = {isa = PBXBuildFile; fileRef = 5BE3AD622C6C3E290015A11A /* WelcomeFirstView.swift */; };
		5BE3AD652C6C3E610015A11A /* WelcomeSecondView.swift in Sources */ = {isa = PBXBuildFile; fileRef = 5BE3AD642C6C3E610015A11A /* WelcomeSecondView.swift */; };
		5BE3AD672C6C410F0015A11A /* WelcomeThirdView.swift in Sources */ = {isa = PBXBuildFile; fileRef = 5BE3AD662C6C410F0015A11A /* WelcomeThirdView.swift */; };
		5BE3AD692C6C42590015A11A /* WelcomeFourthView.swift in Sources */ = {isa = PBXBuildFile; fileRef = 5BE3AD682C6C42590015A11A /* WelcomeFourthView.swift */; };
		5BEC9E722BEDADD200C6A967 /* PeriodFooter.swift in Sources */ = {isa = PBXBuildFile; fileRef = 5BEC9E712BEDADD200C6A967 /* PeriodFooter.swift */; };
		5BEC9E742BEDAFA600C6A967 /* PeriodHeader.swift in Sources */ = {isa = PBXBuildFile; fileRef = 5BEC9E732BEDAFA600C6A967 /* PeriodHeader.swift */; };
		5BF5808D2BE02597001E9A38 /* TransactionEntity.swift in Sources */ = {isa = PBXBuildFile; fileRef = 5BF5808C2BE02597001E9A38 /* TransactionEntity.swift */; };
		5BF5808F2BE02637001E9A38 /* CategoryEnum.swift in Sources */ = {isa = PBXBuildFile; fileRef = 5BF5808E2BE02637001E9A38 /* CategoryEnum.swift */; };
		5BF580912BE027A8001E9A38 /* PeriodEntity.swift in Sources */ = {isa = PBXBuildFile; fileRef = 5BF580902BE027A8001E9A38 /* PeriodEntity.swift */; };
		5BF580A12BE04760001E9A38 /* SignupView.swift in Sources */ = {isa = PBXBuildFile; fileRef = 5BF580A02BE04760001E9A38 /* SignupView.swift */; };
		5BF580A32BE04784001E9A38 /* SigninView.swift in Sources */ = {isa = PBXBuildFile; fileRef = 5BF580A22BE04784001E9A38 /* SigninView.swift */; };
		5BF580A92BE047F2001E9A38 /* PlanningsView.swift in Sources */ = {isa = PBXBuildFile; fileRef = 5BF580A82BE047F2001E9A38 /* PlanningsView.swift */; };
		5BF580AF2BE0482C001E9A38 /* ProfileView.swift in Sources */ = {isa = PBXBuildFile; fileRef = 5BF580AE2BE0482C001E9A38 /* ProfileView.swift */; };
		5BF580B12BE04887001E9A38 /* NewPlanningView.swift in Sources */ = {isa = PBXBuildFile; fileRef = 5BF580B02BE04886001E9A38 /* NewPlanningView.swift */; };
		5BF580B82BE04CB3001E9A38 /* TimelineView.swift in Sources */ = {isa = PBXBuildFile; fileRef = 5BF580B72BE04CB3001E9A38 /* TimelineView.swift */; };
		5BF580BA2BE04CE9001E9A38 /* FiltersView.swift in Sources */ = {isa = PBXBuildFile; fileRef = 5BF580B92BE04CE9001E9A38 /* FiltersView.swift */; };
		5BF580BC2BE04D50001E9A38 /* TransactionsListView.swift in Sources */ = {isa = PBXBuildFile; fileRef = 5BF580BB2BE04D50001E9A38 /* TransactionsListView.swift */; };
		5BF580BE2BE04D66001E9A38 /* TransactionsListItemView.swift in Sources */ = {isa = PBXBuildFile; fileRef = 5BF580BD2BE04D66001E9A38 /* TransactionsListItemView.swift */; };
		5BF580C32BE04E71001E9A38 /* AppService.swift in Sources */ = {isa = PBXBuildFile; fileRef = 5BF580C22BE04E71001E9A38 /* AppService.swift */; };
		5BF580C52BE04EDD001E9A38 /* HttpService.swift in Sources */ = {isa = PBXBuildFile; fileRef = 5BF580C42BE04EDD001E9A38 /* HttpService.swift */; };
		5BF580C82BE0526B001E9A38 /* TransactionType.swift in Sources */ = {isa = PBXBuildFile; fileRef = 5BF580C72BE0526B001E9A38 /* TransactionType.swift */; };
		5BF580CA2BE0734C001E9A38 /* AppViewViewModel.swift in Sources */ = {isa = PBXBuildFile; fileRef = 5BF580C92BE0734C001E9A38 /* AppViewViewModel.swift */; };
		5BF652E32C3F5D1100951806 /* IconRoundedRectangleView.swift in Sources */ = {isa = PBXBuildFile; fileRef = 5BF652E22C3F5D1100951806 /* IconRoundedRectangleView.swift */; };
		5BFAD7E52C655C81003EEB47 /* DashboardTotalsView.swift in Sources */ = {isa = PBXBuildFile; fileRef = 5BFAD7E42C655C81003EEB47 /* DashboardTotalsView.swift */; };
/* End PBXBuildFile section */

/* Begin PBXContainerItemProxy section */
		5BE0DF0C2BDF5D18003BBD41 /* PBXContainerItemProxy */ = {
			isa = PBXContainerItemProxy;
			containerPortal = 5BE0DEF22BDF5D15003BBD41 /* Project object */;
			proxyType = 1;
			remoteGlobalIDString = 5BE0DEF92BDF5D15003BBD41;
			remoteInfo = WalletWise;
		};
		5BE0DF162BDF5D18003BBD41 /* PBXContainerItemProxy */ = {
			isa = PBXContainerItemProxy;
			containerPortal = 5BE0DEF22BDF5D15003BBD41 /* Project object */;
			proxyType = 1;
			remoteGlobalIDString = 5BE0DEF92BDF5D15003BBD41;
			remoteInfo = WalletWise;
		};
/* End PBXContainerItemProxy section */

/* Begin PBXFileReference section */
		5B03F21F2C056C4E00A3395D /* CategoryPicker.swift */ = {isa = PBXFileReference; lastKnownFileType = sourcecode.swift; path = CategoryPicker.swift; sourceTree = "<group>"; };
		5B1752002BEFDFDB00998D5E /* TransactionDetailsView.swift */ = {isa = PBXFileReference; lastKnownFileType = sourcecode.swift; path = TransactionDetailsView.swift; sourceTree = "<group>"; };
		5B1752022BEFE7BE00998D5E /* EditTransactionView.swift */ = {isa = PBXFileReference; lastKnownFileType = sourcecode.swift; path = EditTransactionView.swift; sourceTree = "<group>"; };
		5B1752042BF0665D00998D5E /* Launch Screen.storyboard */ = {isa = PBXFileReference; lastKnownFileType = file.storyboard; path = "Launch Screen.storyboard"; sourceTree = "<group>"; };
		5B1752062BF068F100998D5E /* TimelineTotalsView.swift */ = {isa = PBXFileReference; lastKnownFileType = sourcecode.swift; path = TimelineTotalsView.swift; sourceTree = "<group>"; };
		5B2A498A2C5EE45B007B9525 /* DashboardExpiringTransactionsSection.swift */ = {isa = PBXFileReference; lastKnownFileType = sourcecode.swift; path = DashboardExpiringTransactionsSection.swift; sourceTree = "<group>"; };
		5B2A498C2C5EE5A4007B9525 /* DashboardViewViewModel.swift */ = {isa = PBXFileReference; lastKnownFileType = sourcecode.swift; path = DashboardViewViewModel.swift; sourceTree = "<group>"; };
		5B2A498F2C5F4C78007B9525 /* DashboardModel.swift */ = {isa = PBXFileReference; lastKnownFileType = sourcecode.swift; path = DashboardModel.swift; sourceTree = "<group>"; };
		5B41CC3D2BE0AAC000264C9A /* SigninModel.swift */ = {isa = PBXFileReference; lastKnownFileType = sourcecode.swift; path = SigninModel.swift; sourceTree = "<group>"; };
		5B41CC3F2BE0AB9C00264C9A /* AppConstants.swift */ = {isa = PBXFileReference; lastKnownFileType = sourcecode.swift; path = AppConstants.swift; sourceTree = "<group>"; };
		5B41CC412BE0BEC900264C9A /* ProfileViewViewModel.swift */ = {isa = PBXFileReference; lastKnownFileType = sourcecode.swift; path = ProfileViewViewModel.swift; sourceTree = "<group>"; };
		5B41CC432BE1A03100264C9A /* PlanningsModel.swift */ = {isa = PBXFileReference; lastKnownFileType = sourcecode.swift; path = PlanningsModel.swift; sourceTree = "<group>"; };
		5B41CC452BE1A0B400264C9A /* Errors.swift */ = {isa = PBXFileReference; lastKnownFileType = sourcecode.swift; path = Errors.swift; sourceTree = "<group>"; };
		5B41CC472BE1A1D100264C9A /* PlanningsViewViewModel.swift */ = {isa = PBXFileReference; lastKnownFileType = sourcecode.swift; path = PlanningsViewViewModel.swift; sourceTree = "<group>"; };
		5B41CC492BE1A59500264C9A /* PlanningItemView.swift */ = {isa = PBXFileReference; lastKnownFileType = sourcecode.swift; path = PlanningItemView.swift; sourceTree = "<group>"; };
		5B4833742C3722F0006C15CD /* PlanningStore.swift */ = {isa = PBXFileReference; lastKnownFileType = sourcecode.swift; path = PlanningStore.swift; sourceTree = "<group>"; };
		5B5BDA342BE020B7009046D1 /* UserEntity.swift */ = {isa = PBXFileReference; lastKnownFileType = sourcecode.swift; path = UserEntity.swift; sourceTree = "<group>"; };
		5B5BDA362BE020F4009046D1 /* AuthEntity.swift */ = {isa = PBXFileReference; lastKnownFileType = sourcecode.swift; path = AuthEntity.swift; sourceTree = "<group>"; };
		5B5BDA382BE02104009046D1 /* PlanningEntity.swift */ = {isa = PBXFileReference; lastKnownFileType = sourcecode.swift; path = PlanningEntity.swift; sourceTree = "<group>"; };
		5B6DC12A2BFBD4FB00158A5B /* ChipView.swift */ = {isa = PBXFileReference; lastKnownFileType = sourcecode.swift; path = ChipView.swift; sourceTree = "<group>"; };
		5B6DC12C2BFBDFEF00158A5B /* FilterPeriod.swift */ = {isa = PBXFileReference; lastKnownFileType = sourcecode.swift; path = FilterPeriod.swift; sourceTree = "<group>"; };
		5B6DC12E2BFBE40E00158A5B /* ChipContainerView.swift */ = {isa = PBXFileReference; lastKnownFileType = sourcecode.swift; path = ChipContainerView.swift; sourceTree = "<group>"; };
		5B6DC1302BFC20E000158A5B /* FiltersEntity.swift */ = {isa = PBXFileReference; lastKnownFileType = sourcecode.swift; path = FiltersEntity.swift; sourceTree = "<group>"; };
		5B6DC1342C000B7700158A5B /* CategoryEntity.swift */ = {isa = PBXFileReference; lastKnownFileType = sourcecode.swift; path = CategoryEntity.swift; sourceTree = "<group>"; };
		5B6DC1362C000C9F00158A5B /* CategoryPickerItemView.swift */ = {isa = PBXFileReference; lastKnownFileType = sourcecode.swift; path = CategoryPickerItemView.swift; sourceTree = "<group>"; };
		5B6DC13A2C00102100158A5B /* IconCircleView.swift */ = {isa = PBXFileReference; lastKnownFileType = sourcecode.swift; path = IconCircleView.swift; sourceTree = "<group>"; };
		5B7118352C5206A500AACFE1 /* DuplicateTransactionsView.swift */ = {isa = PBXFileReference; lastKnownFileType = sourcecode.swift; path = DuplicateTransactionsView.swift; sourceTree = "<group>"; };
		5B7118372C5337CB00AACFE1 /* DuplicateTransactionListItemView.swift */ = {isa = PBXFileReference; lastKnownFileType = sourcecode.swift; path = DuplicateTransactionListItemView.swift; sourceTree = "<group>"; };
		5B7118422C5C6DC300AACFE1 /* DashboardView.swift */ = {isa = PBXFileReference; lastKnownFileType = sourcecode.swift; path = DashboardView.swift; sourceTree = "<group>"; };
		5B7118442C5C74CD00AACFE1 /* PlanningSelectorView.swift */ = {isa = PBXFileReference; lastKnownFileType = sourcecode.swift; path = PlanningSelectorView.swift; sourceTree = "<group>"; };
		5B8DDEE42BED4EEB003CB056 /* WWButton.swift */ = {isa = PBXFileReference; lastKnownFileType = sourcecode.swift; path = WWButton.swift; sourceTree = "<group>"; };
		5BA9C9CF2BEABF1000F57AC2 /* AppStore.swift */ = {isa = PBXFileReference; lastKnownFileType = sourcecode.swift; path = AppStore.swift; sourceTree = "<group>"; };
		5BAFFABD2C0815E200B9AD26 /* UserModel.swift */ = {isa = PBXFileReference; lastKnownFileType = sourcecode.swift; path = UserModel.swift; sourceTree = "<group>"; };
		5BAFFABF2C095E9800B9AD26 /* EditPlanningView.swift */ = {isa = PBXFileReference; lastKnownFileType = sourcecode.swift; path = EditPlanningView.swift; sourceTree = "<group>"; };
		5BBCB7C92BE44161004E8A47 /* UtilsService.swift */ = {isa = PBXFileReference; lastKnownFileType = sourcecode.swift; path = UtilsService.swift; sourceTree = "<group>"; };
		5BBCB7CB2BE46215004E8A47 /* TimelineModel.swift */ = {isa = PBXFileReference; lastKnownFileType = sourcecode.swift; path = TimelineModel.swift; sourceTree = "<group>"; };
		5BBCB7CD2BE4631A004E8A47 /* TransactionsViewViewModel.swift */ = {isa = PBXFileReference; lastKnownFileType = sourcecode.swift; path = TransactionsViewViewModel.swift; sourceTree = "<group>"; };
		5BBCB7CF2BE4902B004E8A47 /* ErrorEntity.swift */ = {isa = PBXFileReference; lastKnownFileType = sourcecode.swift; path = ErrorEntity.swift; sourceTree = "<group>"; };
		5BBCB7D12BE5EB68004E8A47 /* NewTransactionView.swift */ = {isa = PBXFileReference; lastKnownFileType = sourcecode.swift; path = NewTransactionView.swift; sourceTree = "<group>"; };
		5BBCB7D52BE8472F004E8A47 /* TransactionModel.swift */ = {isa = PBXFileReference; lastKnownFileType = sourcecode.swift; path = TransactionModel.swift; sourceTree = "<group>"; };
		5BD20C632C114DA5000F2228 /* SignupModel.swift */ = {isa = PBXFileReference; lastKnownFileType = sourcecode.swift; path = SignupModel.swift; sourceTree = "<group>"; };
		5BD882222C0EA128004F0620 /* OutlinedTextFieldStyle.swift */ = {isa = PBXFileReference; lastKnownFileType = sourcecode.swift; path = OutlinedTextFieldStyle.swift; sourceTree = "<group>"; };
		5BD882242C0EA263004F0620 /* UnderlinedTextFieldStyle.swift */ = {isa = PBXFileReference; lastKnownFileType = sourcecode.swift; path = UnderlinedTextFieldStyle.swift; sourceTree = "<group>"; };
		5BD882262C0EA33F004F0620 /* RoundedTextFieldStyle.swift */ = {isa = PBXFileReference; lastKnownFileType = sourcecode.swift; path = RoundedTextFieldStyle.swift; sourceTree = "<group>"; };
		5BE0DEFA2BDF5D15003BBD41 /* WalletWise.app */ = {isa = PBXFileReference; explicitFileType = wrapper.application; includeInIndex = 0; path = WalletWise.app; sourceTree = BUILT_PRODUCTS_DIR; };
		5BE0DEFD2BDF5D15003BBD41 /* WalletWiseApp.swift */ = {isa = PBXFileReference; lastKnownFileType = sourcecode.swift; path = WalletWiseApp.swift; sourceTree = "<group>"; };
		5BE0DEFF2BDF5D15003BBD41 /* MainView.swift */ = {isa = PBXFileReference; lastKnownFileType = sourcecode.swift; path = MainView.swift; sourceTree = "<group>"; };
		5BE0DF012BDF5D17003BBD41 /* Assets.xcassets */ = {isa = PBXFileReference; lastKnownFileType = folder.assetcatalog; path = Assets.xcassets; sourceTree = "<group>"; };
		5BE0DF032BDF5D17003BBD41 /* WalletWise.entitlements */ = {isa = PBXFileReference; lastKnownFileType = text.plist.entitlements; path = WalletWise.entitlements; sourceTree = "<group>"; };
		5BE0DF052BDF5D17003BBD41 /* Preview Assets.xcassets */ = {isa = PBXFileReference; lastKnownFileType = folder.assetcatalog; path = "Preview Assets.xcassets"; sourceTree = "<group>"; };
		5BE0DF0B2BDF5D18003BBD41 /* WalletWiseTests.xctest */ = {isa = PBXFileReference; explicitFileType = wrapper.cfbundle; includeInIndex = 0; path = WalletWiseTests.xctest; sourceTree = BUILT_PRODUCTS_DIR; };
		5BE0DF0F2BDF5D18003BBD41 /* WalletWiseTests.swift */ = {isa = PBXFileReference; lastKnownFileType = sourcecode.swift; path = WalletWiseTests.swift; sourceTree = "<group>"; };
		5BE0DF152BDF5D18003BBD41 /* WalletWiseUITests.xctest */ = {isa = PBXFileReference; explicitFileType = wrapper.cfbundle; includeInIndex = 0; path = WalletWiseUITests.xctest; sourceTree = BUILT_PRODUCTS_DIR; };
		5BE0DF192BDF5D18003BBD41 /* WalletWiseUITests.swift */ = {isa = PBXFileReference; lastKnownFileType = sourcecode.swift; path = WalletWiseUITests.swift; sourceTree = "<group>"; };
		5BE0DF1B2BDF5D18003BBD41 /* WalletWiseUITestsLaunchTests.swift */ = {isa = PBXFileReference; lastKnownFileType = sourcecode.swift; path = WalletWiseUITestsLaunchTests.swift; sourceTree = "<group>"; };
		5BE3AD622C6C3E290015A11A /* WelcomeFirstView.swift */ = {isa = PBXFileReference; lastKnownFileType = sourcecode.swift; path = WelcomeFirstView.swift; sourceTree = "<group>"; };
		5BE3AD642C6C3E610015A11A /* WelcomeSecondView.swift */ = {isa = PBXFileReference; lastKnownFileType = sourcecode.swift; path = WelcomeSecondView.swift; sourceTree = "<group>"; };
		5BE3AD662C6C410F0015A11A /* WelcomeThirdView.swift */ = {isa = PBXFileReference; lastKnownFileType = sourcecode.swift; path = WelcomeThirdView.swift; sourceTree = "<group>"; };
		5BE3AD682C6C42590015A11A /* WelcomeFourthView.swift */ = {isa = PBXFileReference; lastKnownFileType = sourcecode.swift; path = WelcomeFourthView.swift; sourceTree = "<group>"; };
		5BE719E42BF947DA00F29BFA /* Info.plist */ = {isa = PBXFileReference; lastKnownFileType = text.plist.xml; path = Info.plist; sourceTree = "<group>"; };
		5BEC9E712BEDADD200C6A967 /* PeriodFooter.swift */ = {isa = PBXFileReference; lastKnownFileType = sourcecode.swift; path = PeriodFooter.swift; sourceTree = "<group>"; };
		5BEC9E732BEDAFA600C6A967 /* PeriodHeader.swift */ = {isa = PBXFileReference; lastKnownFileType = sourcecode.swift; path = PeriodHeader.swift; sourceTree = "<group>"; };
		5BF5808C2BE02597001E9A38 /* TransactionEntity.swift */ = {isa = PBXFileReference; lastKnownFileType = sourcecode.swift; path = TransactionEntity.swift; sourceTree = "<group>"; };
		5BF5808E2BE02637001E9A38 /* CategoryEnum.swift */ = {isa = PBXFileReference; lastKnownFileType = sourcecode.swift; path = CategoryEnum.swift; sourceTree = "<group>"; };
		5BF580902BE027A8001E9A38 /* PeriodEntity.swift */ = {isa = PBXFileReference; lastKnownFileType = sourcecode.swift; path = PeriodEntity.swift; sourceTree = "<group>"; };
		5BF580A02BE04760001E9A38 /* SignupView.swift */ = {isa = PBXFileReference; lastKnownFileType = sourcecode.swift; path = SignupView.swift; sourceTree = "<group>"; };
		5BF580A22BE04784001E9A38 /* SigninView.swift */ = {isa = PBXFileReference; lastKnownFileType = sourcecode.swift; path = SigninView.swift; sourceTree = "<group>"; };
		5BF580A82BE047F2001E9A38 /* PlanningsView.swift */ = {isa = PBXFileReference; lastKnownFileType = sourcecode.swift; path = PlanningsView.swift; sourceTree = "<group>"; };
		5BF580AE2BE0482C001E9A38 /* ProfileView.swift */ = {isa = PBXFileReference; lastKnownFileType = sourcecode.swift; path = ProfileView.swift; sourceTree = "<group>"; };
		5BF580B02BE04886001E9A38 /* NewPlanningView.swift */ = {isa = PBXFileReference; lastKnownFileType = sourcecode.swift; path = NewPlanningView.swift; sourceTree = "<group>"; };
		5BF580B72BE04CB3001E9A38 /* TimelineView.swift */ = {isa = PBXFileReference; lastKnownFileType = sourcecode.swift; path = TimelineView.swift; sourceTree = "<group>"; };
		5BF580B92BE04CE9001E9A38 /* FiltersView.swift */ = {isa = PBXFileReference; lastKnownFileType = sourcecode.swift; path = FiltersView.swift; sourceTree = "<group>"; };
		5BF580BB2BE04D50001E9A38 /* TransactionsListView.swift */ = {isa = PBXFileReference; lastKnownFileType = sourcecode.swift; path = TransactionsListView.swift; sourceTree = "<group>"; };
		5BF580BD2BE04D66001E9A38 /* TransactionsListItemView.swift */ = {isa = PBXFileReference; lastKnownFileType = sourcecode.swift; path = TransactionsListItemView.swift; sourceTree = "<group>"; };
		5BF580C22BE04E71001E9A38 /* AppService.swift */ = {isa = PBXFileReference; lastKnownFileType = sourcecode.swift; path = AppService.swift; sourceTree = "<group>"; };
		5BF580C42BE04EDD001E9A38 /* HttpService.swift */ = {isa = PBXFileReference; lastKnownFileType = sourcecode.swift; path = HttpService.swift; sourceTree = "<group>"; };
		5BF580C72BE0526B001E9A38 /* TransactionType.swift */ = {isa = PBXFileReference; lastKnownFileType = sourcecode.swift; path = TransactionType.swift; sourceTree = "<group>"; };
		5BF580C92BE0734C001E9A38 /* AppViewViewModel.swift */ = {isa = PBXFileReference; lastKnownFileType = sourcecode.swift; path = AppViewViewModel.swift; sourceTree = "<group>"; };
		5BF652E22C3F5D1100951806 /* IconRoundedRectangleView.swift */ = {isa = PBXFileReference; lastKnownFileType = sourcecode.swift; path = IconRoundedRectangleView.swift; sourceTree = "<group>"; };
		5BFAD7E42C655C81003EEB47 /* DashboardTotalsView.swift */ = {isa = PBXFileReference; lastKnownFileType = sourcecode.swift; path = DashboardTotalsView.swift; sourceTree = "<group>"; };
/* End PBXFileReference section */

/* Begin PBXFrameworksBuildPhase section */
		5BE0DEF72BDF5D15003BBD41 /* Frameworks */ = {
			isa = PBXFrameworksBuildPhase;
			buildActionMask = 2147483647;
			files = (
			);
			runOnlyForDeploymentPostprocessing = 0;
		};
		5BE0DF082BDF5D18003BBD41 /* Frameworks */ = {
			isa = PBXFrameworksBuildPhase;
			buildActionMask = 2147483647;
			files = (
			);
			runOnlyForDeploymentPostprocessing = 0;
		};
		5BE0DF122BDF5D18003BBD41 /* Frameworks */ = {
			isa = PBXFrameworksBuildPhase;
			buildActionMask = 2147483647;
			files = (
			);
			runOnlyForDeploymentPostprocessing = 0;
		};
/* End PBXFrameworksBuildPhase section */

/* Begin PBXGroup section */
		5B2A498E2C5F4C69007B9525 /* Models */ = {
			isa = PBXGroup;
			children = (
				5B2A498F2C5F4C78007B9525 /* DashboardModel.swift */,
			);
			path = Models;
			sourceTree = "<group>";
		};
		5B5BDA302BE01F72009046D1 /* UI */ = {
			isa = PBXGroup;
			children = (
				5BF652E12C3F5CF300951806 /* IconRoundedRectangle */,
				5BD882212C0EA0E6004F0620 /* Styles */,
				5B6DC1392C000FE500158A5B /* IconCircle */,
				5B6DC1382C000D3300158A5B /* CategoryPicker */,
				5B6DC1292BFBD4E400158A5B /* Chip */,
				5B5BDA312BE01F97009046D1 /* Button */,
			);
			path = UI;
			sourceTree = "<group>";
		};
		5B5BDA312BE01F97009046D1 /* Button */ = {
			isa = PBXGroup;
			children = (
				5B8DDEE42BED4EEB003CB056 /* WWButton.swift */,
			);
			path = Button;
			sourceTree = "<group>";
		};
		5B5BDA332BE020A5009046D1 /* Entities */ = {
			isa = PBXGroup;
			children = (
				5B5BDA342BE020B7009046D1 /* UserEntity.swift */,
				5B5BDA362BE020F4009046D1 /* AuthEntity.swift */,
				5B5BDA382BE02104009046D1 /* PlanningEntity.swift */,
				5BF5808C2BE02597001E9A38 /* TransactionEntity.swift */,
				5BF580902BE027A8001E9A38 /* PeriodEntity.swift */,
				5BBCB7CF2BE4902B004E8A47 /* ErrorEntity.swift */,
				5B6DC1302BFC20E000158A5B /* FiltersEntity.swift */,
				5B6DC1342C000B7700158A5B /* CategoryEntity.swift */,
			);
			path = Entities;
			sourceTree = "<group>";
		};
		5B6DC1292BFBD4E400158A5B /* Chip */ = {
			isa = PBXGroup;
			children = (
				5B6DC12A2BFBD4FB00158A5B /* ChipView.swift */,
				5B6DC12E2BFBE40E00158A5B /* ChipContainerView.swift */,
			);
			path = Chip;
			sourceTree = "<group>";
		};
		5B6DC1382C000D3300158A5B /* CategoryPicker */ = {
			isa = PBXGroup;
			children = (
				5B6DC1362C000C9F00158A5B /* CategoryPickerItemView.swift */,
				5B03F21F2C056C4E00A3395D /* CategoryPicker.swift */,
			);
			path = CategoryPicker;
			sourceTree = "<group>";
		};
		5B6DC1392C000FE500158A5B /* IconCircle */ = {
			isa = PBXGroup;
			children = (
				5B6DC13A2C00102100158A5B /* IconCircleView.swift */,
			);
			path = IconCircle;
			sourceTree = "<group>";
		};
		5B7118392C5C43F100AACFE1 /* Extensions */ = {
			isa = PBXGroup;
			children = (
			);
			path = Extensions;
			sourceTree = "<group>";
		};
		5B71183E2C5C6D8900AACFE1 /* Dashboard */ = {
			isa = PBXGroup;
			children = (
				5B2A498E2C5F4C69007B9525 /* Models */,
				5B7118412C5C6DAC00AACFE1 /* Views */,
				5B7118402C5C6DA400AACFE1 /* ViewModels */,
				5B71183F2C5C6D9500AACFE1 /* Screens */,
			);
			path = Dashboard;
			sourceTree = "<group>";
		};
		5B71183F2C5C6D9500AACFE1 /* Screens */ = {
			isa = PBXGroup;
			children = (
				5B7118422C5C6DC300AACFE1 /* DashboardView.swift */,
			);
			path = Screens;
			sourceTree = "<group>";
		};
		5B7118402C5C6DA400AACFE1 /* ViewModels */ = {
			isa = PBXGroup;
			children = (
				5B2A498C2C5EE5A4007B9525 /* DashboardViewViewModel.swift */,
			);
			path = ViewModels;
			sourceTree = "<group>";
		};
		5B7118412C5C6DAC00AACFE1 /* Views */ = {
			isa = PBXGroup;
			children = (
				5B7118442C5C74CD00AACFE1 /* PlanningSelectorView.swift */,
				5B2A498A2C5EE45B007B9525 /* DashboardExpiringTransactionsSection.swift */,
				5BFAD7E42C655C81003EEB47 /* DashboardTotalsView.swift */,
			);
			path = Views;
			sourceTree = "<group>";
		};
		5BA9C9D12BEAC5E900F57AC2 /* Stores */ = {
			isa = PBXGroup;
			children = (
				5BA9C9CF2BEABF1000F57AC2 /* AppStore.swift */,
				5B4833742C3722F0006C15CD /* PlanningStore.swift */,
			);
			path = Stores;
			sourceTree = "<group>";
		};
		5BD20C652C1155A8000F2228 /* App */ = {
			isa = PBXGroup;
			children = (
				5BF580C92BE0734C001E9A38 /* AppViewViewModel.swift */,
			);
			path = App;
			sourceTree = "<group>";
		};
		5BD882212C0EA0E6004F0620 /* Styles */ = {
			isa = PBXGroup;
			children = (
				5BD882222C0EA128004F0620 /* OutlinedTextFieldStyle.swift */,
				5BD882242C0EA263004F0620 /* UnderlinedTextFieldStyle.swift */,
				5BD882262C0EA33F004F0620 /* RoundedTextFieldStyle.swift */,
			);
			path = Styles;
			sourceTree = "<group>";
		};
		5BE0DEF12BDF5D15003BBD41 = {
			isa = PBXGroup;
			children = (
				5BE0DEFC2BDF5D15003BBD41 /* WalletWise */,
				5BE0DF0E2BDF5D18003BBD41 /* WalletWiseTests */,
				5BE0DF182BDF5D18003BBD41 /* WalletWiseUITests */,
				5BE0DEFB2BDF5D15003BBD41 /* Products */,
			);
			sourceTree = "<group>";
		};
		5BE0DEFB2BDF5D15003BBD41 /* Products */ = {
			isa = PBXGroup;
			children = (
				5BE0DEFA2BDF5D15003BBD41 /* WalletWise.app */,
				5BE0DF0B2BDF5D18003BBD41 /* WalletWiseTests.xctest */,
				5BE0DF152BDF5D18003BBD41 /* WalletWiseUITests.xctest */,
			);
			name = Products;
			sourceTree = "<group>";
		};
		5BE0DEFC2BDF5D15003BBD41 /* WalletWise */ = {
			isa = PBXGroup;
			children = (
				5B7118392C5C43F100AACFE1 /* Extensions */,
				5BA9C9D12BEAC5E900F57AC2 /* Stores */,
				5BF580C62BE05219001E9A38 /* Enums */,
				5BF580C12BE04E5C001E9A38 /* Services */,
				5BF580922BE04425001E9A38 /* Features */,
				5B5BDA332BE020A5009046D1 /* Entities */,
				5B5BDA302BE01F72009046D1 /* UI */,
				5BE0DEFD2BDF5D15003BBD41 /* WalletWiseApp.swift */,
				5BE0DEFF2BDF5D15003BBD41 /* MainView.swift */,
				5BE0DF012BDF5D17003BBD41 /* Assets.xcassets */,
				5BE0DF032BDF5D17003BBD41 /* WalletWise.entitlements */,
				5BE0DF042BDF5D17003BBD41 /* Preview Content */,
				5B41CC3F2BE0AB9C00264C9A /* AppConstants.swift */,
				5B1752042BF0665D00998D5E /* Launch Screen.storyboard */,
				5BE719E42BF947DA00F29BFA /* Info.plist */,
			);
			path = WalletWise;
			sourceTree = "<group>";
		};
		5BE0DF042BDF5D17003BBD41 /* Preview Content */ = {
			isa = PBXGroup;
			children = (
				5BE0DF052BDF5D17003BBD41 /* Preview Assets.xcassets */,
			);
			path = "Preview Content";
			sourceTree = "<group>";
		};
		5BE0DF0E2BDF5D18003BBD41 /* WalletWiseTests */ = {
			isa = PBXGroup;
			children = (
				5BE0DF0F2BDF5D18003BBD41 /* WalletWiseTests.swift */,
			);
			path = WalletWiseTests;
			sourceTree = "<group>";
		};
		5BE0DF182BDF5D18003BBD41 /* WalletWiseUITests */ = {
			isa = PBXGroup;
			children = (
				5BE0DF192BDF5D18003BBD41 /* WalletWiseUITests.swift */,
				5BE0DF1B2BDF5D18003BBD41 /* WalletWiseUITestsLaunchTests.swift */,
			);
			path = WalletWiseUITests;
			sourceTree = "<group>";
		};
		5BE3AD5F2C6C3DA70015A11A /* Welcome */ = {
			isa = PBXGroup;
			children = (
				5BE3AD612C6C3DC50015A11A /* Screens */,
			);
			path = Welcome;
			sourceTree = "<group>";
		};
		5BE3AD612C6C3DC50015A11A /* Screens */ = {
			isa = PBXGroup;
			children = (
				5BE3AD622C6C3E290015A11A /* WelcomeFirstView.swift */,
				5BE3AD642C6C3E610015A11A /* WelcomeSecondView.swift */,
				5BE3AD662C6C410F0015A11A /* WelcomeThirdView.swift */,
				5BE3AD682C6C42590015A11A /* WelcomeFourthView.swift */,
			);
			path = Screens;
			sourceTree = "<group>";
		};
		5BF580922BE04425001E9A38 /* Features */ = {
			isa = PBXGroup;
			children = (
				5BE3AD5F2C6C3DA70015A11A /* Welcome */,
				5B71183E2C5C6D8900AACFE1 /* Dashboard */,
				5BD20C652C1155A8000F2228 /* App */,
				5BF580B22BE04C84001E9A38 /* Transactions */,
				5BF580972BE0461B001E9A38 /* Signup */,
				5BF580952BE045E3001E9A38 /* Signin */,
				5BF580942BE0444C001E9A38 /* Plannings */,
				5BF580932BE04446001E9A38 /* Profile */,
			);
			path = Features;
			sourceTree = "<group>";
		};
		5BF580932BE04446001E9A38 /* Profile */ = {
			isa = PBXGroup;
			children = (
				5BF580AD2BE0481D001E9A38 /* Screens */,
				5BF580AC2BE04817001E9A38 /* ViewModels */,
				5BF580AB2BE04813001E9A38 /* Views */,
				5BF580AA2BE0480D001E9A38 /* Models */,
			);
			path = Profile;
			sourceTree = "<group>";
		};
		5BF580942BE0444C001E9A38 /* Plannings */ = {
			isa = PBXGroup;
			children = (
				5BF580A72BE047E4001E9A38 /* Models */,
				5BF580A62BE047DF001E9A38 /* Views */,
				5BF580A52BE047D4001E9A38 /* ViewModels */,
				5BF580A42BE047D0001E9A38 /* Screens */,
			);
			path = Plannings;
			sourceTree = "<group>";
		};
		5BF580952BE045E3001E9A38 /* Signin */ = {
			isa = PBXGroup;
			children = (
				5BF5809E2BE0473B001E9A38 /* Screens */,
				5BF5809D2BE046F4001E9A38 /* ViewModels */,
				5BF5809C2BE046EA001E9A38 /* Views */,
				5BF580962BE045F7001E9A38 /* Models */,
			);
			path = Signin;
			sourceTree = "<group>";
		};
		5BF580962BE045F7001E9A38 /* Models */ = {
			isa = PBXGroup;
			children = (
				5B41CC3D2BE0AAC000264C9A /* SigninModel.swift */,
			);
			path = Models;
			sourceTree = "<group>";
		};
		5BF580972BE0461B001E9A38 /* Signup */ = {
			isa = PBXGroup;
			children = (
				5BF5809F2BE04743001E9A38 /* Screens */,
				5BF5809B2BE046C7001E9A38 /* Models */,
				5BF580992BE046B7001E9A38 /* ViewModels */,
				5BF580982BE046AE001E9A38 /* Views */,
			);
			path = Signup;
			sourceTree = "<group>";
		};
		5BF580982BE046AE001E9A38 /* Views */ = {
			isa = PBXGroup;
			children = (
			);
			path = Views;
			sourceTree = "<group>";
		};
		5BF580992BE046B7001E9A38 /* ViewModels */ = {
			isa = PBXGroup;
			children = (
			);
			path = ViewModels;
			sourceTree = "<group>";
		};
		5BF5809B2BE046C7001E9A38 /* Models */ = {
			isa = PBXGroup;
			children = (
				5BD20C632C114DA5000F2228 /* SignupModel.swift */,
			);
			path = Models;
			sourceTree = "<group>";
		};
		5BF5809C2BE046EA001E9A38 /* Views */ = {
			isa = PBXGroup;
			children = (
			);
			path = Views;
			sourceTree = "<group>";
		};
		5BF5809D2BE046F4001E9A38 /* ViewModels */ = {
			isa = PBXGroup;
			children = (
			);
			path = ViewModels;
			sourceTree = "<group>";
		};
		5BF5809E2BE0473B001E9A38 /* Screens */ = {
			isa = PBXGroup;
			children = (
				5BF580A22BE04784001E9A38 /* SigninView.swift */,
			);
			path = Screens;
			sourceTree = "<group>";
		};
		5BF5809F2BE04743001E9A38 /* Screens */ = {
			isa = PBXGroup;
			children = (
				5BF580A02BE04760001E9A38 /* SignupView.swift */,
			);
			path = Screens;
			sourceTree = "<group>";
		};
		5BF580A42BE047D0001E9A38 /* Screens */ = {
			isa = PBXGroup;
			children = (
				5BF580A82BE047F2001E9A38 /* PlanningsView.swift */,
				5BF580B02BE04886001E9A38 /* NewPlanningView.swift */,
				5BAFFABF2C095E9800B9AD26 /* EditPlanningView.swift */,
			);
			path = Screens;
			sourceTree = "<group>";
		};
		5BF580A52BE047D4001E9A38 /* ViewModels */ = {
			isa = PBXGroup;
			children = (
				5B41CC472BE1A1D100264C9A /* PlanningsViewViewModel.swift */,
			);
			path = ViewModels;
			sourceTree = "<group>";
		};
		5BF580A62BE047DF001E9A38 /* Views */ = {
			isa = PBXGroup;
			children = (
				5B41CC492BE1A59500264C9A /* PlanningItemView.swift */,
			);
			path = Views;
			sourceTree = "<group>";
		};
		5BF580A72BE047E4001E9A38 /* Models */ = {
			isa = PBXGroup;
			children = (
				5B41CC432BE1A03100264C9A /* PlanningsModel.swift */,
			);
			path = Models;
			sourceTree = "<group>";
		};
		5BF580AA2BE0480D001E9A38 /* Models */ = {
			isa = PBXGroup;
			children = (
				5BAFFABD2C0815E200B9AD26 /* UserModel.swift */,
			);
			path = Models;
			sourceTree = "<group>";
		};
		5BF580AB2BE04813001E9A38 /* Views */ = {
			isa = PBXGroup;
			children = (
			);
			path = Views;
			sourceTree = "<group>";
		};
		5BF580AC2BE04817001E9A38 /* ViewModels */ = {
			isa = PBXGroup;
			children = (
				5B41CC412BE0BEC900264C9A /* ProfileViewViewModel.swift */,
			);
			path = ViewModels;
			sourceTree = "<group>";
		};
		5BF580AD2BE0481D001E9A38 /* Screens */ = {
			isa = PBXGroup;
			children = (
				5BF580AE2BE0482C001E9A38 /* ProfileView.swift */,
			);
			path = Screens;
			sourceTree = "<group>";
		};
		5BF580B22BE04C84001E9A38 /* Transactions */ = {
			isa = PBXGroup;
			children = (
				5BF580B62BE04CA1001E9A38 /* Views */,
				5BF580B52BE04C99001E9A38 /* ViewModels */,
				5BF580B42BE04C95001E9A38 /* Models */,
				5BF580B32BE04C8F001E9A38 /* Screens */,
			);
			path = Transactions;
			sourceTree = "<group>";
		};
		5BF580B32BE04C8F001E9A38 /* Screens */ = {
			isa = PBXGroup;
			children = (
				5BF580B72BE04CB3001E9A38 /* TimelineView.swift */,
				5BBCB7D12BE5EB68004E8A47 /* NewTransactionView.swift */,
				5B1752002BEFDFDB00998D5E /* TransactionDetailsView.swift */,
				5B1752022BEFE7BE00998D5E /* EditTransactionView.swift */,
				5B7118352C5206A500AACFE1 /* DuplicateTransactionsView.swift */,
			);
			path = Screens;
			sourceTree = "<group>";
		};
		5BF580B42BE04C95001E9A38 /* Models */ = {
			isa = PBXGroup;
			children = (
				5BBCB7CB2BE46215004E8A47 /* TimelineModel.swift */,
				5BBCB7D52BE8472F004E8A47 /* TransactionModel.swift */,
			);
			path = Models;
			sourceTree = "<group>";
		};
		5BF580B52BE04C99001E9A38 /* ViewModels */ = {
			isa = PBXGroup;
			children = (
				5BBCB7CD2BE4631A004E8A47 /* TransactionsViewViewModel.swift */,
			);
			path = ViewModels;
			sourceTree = "<group>";
		};
		5BF580B62BE04CA1001E9A38 /* Views */ = {
			isa = PBXGroup;
			children = (
				5BF580B92BE04CE9001E9A38 /* FiltersView.swift */,
				5BF580BB2BE04D50001E9A38 /* TransactionsListView.swift */,
				5BF580BD2BE04D66001E9A38 /* TransactionsListItemView.swift */,
				5BEC9E712BEDADD200C6A967 /* PeriodFooter.swift */,
				5BEC9E732BEDAFA600C6A967 /* PeriodHeader.swift */,
				5B1752062BF068F100998D5E /* TimelineTotalsView.swift */,
				5B7118372C5337CB00AACFE1 /* DuplicateTransactionListItemView.swift */,
			);
			path = Views;
			sourceTree = "<group>";
		};
		5BF580C12BE04E5C001E9A38 /* Services */ = {
			isa = PBXGroup;
			children = (
				5BF580C22BE04E71001E9A38 /* AppService.swift */,
				5BF580C42BE04EDD001E9A38 /* HttpService.swift */,
				5BBCB7C92BE44161004E8A47 /* UtilsService.swift */,
			);
			path = Services;
			sourceTree = "<group>";
		};
		5BF580C62BE05219001E9A38 /* Enums */ = {
			isa = PBXGroup;
			children = (
				5BF5808E2BE02637001E9A38 /* CategoryEnum.swift */,
				5BF580C72BE0526B001E9A38 /* TransactionType.swift */,
				5B41CC452BE1A0B400264C9A /* Errors.swift */,
				5B6DC12C2BFBDFEF00158A5B /* FilterPeriod.swift */,
			);
			path = Enums;
			sourceTree = "<group>";
		};
		5BF652E12C3F5CF300951806 /* IconRoundedRectangle */ = {
			isa = PBXGroup;
			children = (
				5BF652E22C3F5D1100951806 /* IconRoundedRectangleView.swift */,
			);
			path = IconRoundedRectangle;
			sourceTree = "<group>";
		};
/* End PBXGroup section */

/* Begin PBXNativeTarget section */
		5BE0DEF92BDF5D15003BBD41 /* WalletWise */ = {
			isa = PBXNativeTarget;
			buildConfigurationList = 5BE0DF1F2BDF5D18003BBD41 /* Build configuration list for PBXNativeTarget "WalletWise" */;
			buildPhases = (
				5BE0DEF62BDF5D15003BBD41 /* Sources */,
				5BE0DEF72BDF5D15003BBD41 /* Frameworks */,
				5BE0DEF82BDF5D15003BBD41 /* Resources */,
			);
			buildRules = (
			);
			dependencies = (
			);
			name = WalletWise;
			productName = WalletWise;
			productReference = 5BE0DEFA2BDF5D15003BBD41 /* WalletWise.app */;
			productType = "com.apple.product-type.application";
		};
		5BE0DF0A2BDF5D18003BBD41 /* WalletWiseTests */ = {
			isa = PBXNativeTarget;
			buildConfigurationList = 5BE0DF222BDF5D18003BBD41 /* Build configuration list for PBXNativeTarget "WalletWiseTests" */;
			buildPhases = (
				5BE0DF072BDF5D18003BBD41 /* Sources */,
				5BE0DF082BDF5D18003BBD41 /* Frameworks */,
				5BE0DF092BDF5D18003BBD41 /* Resources */,
			);
			buildRules = (
			);
			dependencies = (
				5BE0DF0D2BDF5D18003BBD41 /* PBXTargetDependency */,
			);
			name = WalletWiseTests;
			productName = WalletWiseTests;
			productReference = 5BE0DF0B2BDF5D18003BBD41 /* WalletWiseTests.xctest */;
			productType = "com.apple.product-type.bundle.unit-test";
		};
		5BE0DF142BDF5D18003BBD41 /* WalletWiseUITests */ = {
			isa = PBXNativeTarget;
			buildConfigurationList = 5BE0DF252BDF5D18003BBD41 /* Build configuration list for PBXNativeTarget "WalletWiseUITests" */;
			buildPhases = (
				5BE0DF112BDF5D18003BBD41 /* Sources */,
				5BE0DF122BDF5D18003BBD41 /* Frameworks */,
				5BE0DF132BDF5D18003BBD41 /* Resources */,
			);
			buildRules = (
			);
			dependencies = (
				5BE0DF172BDF5D18003BBD41 /* PBXTargetDependency */,
			);
			name = WalletWiseUITests;
			productName = WalletWiseUITests;
			productReference = 5BE0DF152BDF5D18003BBD41 /* WalletWiseUITests.xctest */;
			productType = "com.apple.product-type.bundle.ui-testing";
		};
/* End PBXNativeTarget section */

/* Begin PBXProject section */
		5BE0DEF22BDF5D15003BBD41 /* Project object */ = {
			isa = PBXProject;
			attributes = {
				BuildIndependentTargetsInParallel = 1;
				LastSwiftUpdateCheck = 1520;
				LastUpgradeCheck = 1520;
				TargetAttributes = {
					5BE0DEF92BDF5D15003BBD41 = {
						CreatedOnToolsVersion = 15.2;
					};
					5BE0DF0A2BDF5D18003BBD41 = {
						CreatedOnToolsVersion = 15.2;
						TestTargetID = 5BE0DEF92BDF5D15003BBD41;
					};
					5BE0DF142BDF5D18003BBD41 = {
						CreatedOnToolsVersion = 15.2;
						TestTargetID = 5BE0DEF92BDF5D15003BBD41;
					};
				};
			};
			buildConfigurationList = 5BE0DEF52BDF5D15003BBD41 /* Build configuration list for PBXProject "WalletWise" */;
			compatibilityVersion = "Xcode 14.0";
			developmentRegion = en;
			hasScannedForEncodings = 0;
			knownRegions = (
				en,
				Base,
			);
			mainGroup = 5BE0DEF12BDF5D15003BBD41;
			productRefGroup = 5BE0DEFB2BDF5D15003BBD41 /* Products */;
			projectDirPath = "";
			projectRoot = "";
			targets = (
				5BE0DEF92BDF5D15003BBD41 /* WalletWise */,
				5BE0DF0A2BDF5D18003BBD41 /* WalletWiseTests */,
				5BE0DF142BDF5D18003BBD41 /* WalletWiseUITests */,
			);
		};
/* End PBXProject section */

/* Begin PBXResourcesBuildPhase section */
		5BE0DEF82BDF5D15003BBD41 /* Resources */ = {
			isa = PBXResourcesBuildPhase;
			buildActionMask = 2147483647;
			files = (
				5B1752052BF0665D00998D5E /* Launch Screen.storyboard in Resources */,
				5BE0DF062BDF5D17003BBD41 /* Preview Assets.xcassets in Resources */,
				5BE0DF022BDF5D17003BBD41 /* Assets.xcassets in Resources */,
			);
			runOnlyForDeploymentPostprocessing = 0;
		};
		5BE0DF092BDF5D18003BBD41 /* Resources */ = {
			isa = PBXResourcesBuildPhase;
			buildActionMask = 2147483647;
			files = (
			);
			runOnlyForDeploymentPostprocessing = 0;
		};
		5BE0DF132BDF5D18003BBD41 /* Resources */ = {
			isa = PBXResourcesBuildPhase;
			buildActionMask = 2147483647;
			files = (
			);
			runOnlyForDeploymentPostprocessing = 0;
		};
/* End PBXResourcesBuildPhase section */

/* Begin PBXSourcesBuildPhase section */
		5BE0DEF62BDF5D15003BBD41 /* Sources */ = {
			isa = PBXSourcesBuildPhase;
			buildActionMask = 2147483647;
			files = (
				5B6DC12D2BFBDFEF00158A5B /* FilterPeriod.swift in Sources */,
				5BF580A12BE04760001E9A38 /* SignupView.swift in Sources */,
				5BF580B82BE04CB3001E9A38 /* TimelineView.swift in Sources */,
				5BF580912BE027A8001E9A38 /* PeriodEntity.swift in Sources */,
				5BF580A32BE04784001E9A38 /* SigninView.swift in Sources */,
				5BAFFAC02C095E9800B9AD26 /* EditPlanningView.swift in Sources */,
				5BBCB7CC2BE46215004E8A47 /* TimelineModel.swift in Sources */,
				5B6DC12B2BFBD4FB00158A5B /* ChipView.swift in Sources */,
				5B03F2202C056C4E00A3395D /* CategoryPicker.swift in Sources */,
				5BEC9E722BEDADD200C6A967 /* PeriodFooter.swift in Sources */,
				5B41CC482BE1A1D100264C9A /* PlanningsViewViewModel.swift in Sources */,
				5B6DC1372C000C9F00158A5B /* CategoryPickerItemView.swift in Sources */,
				5B1752032BEFE7BE00998D5E /* EditTransactionView.swift in Sources */,
				5BF5808D2BE02597001E9A38 /* TransactionEntity.swift in Sources */,
				5BF580BC2BE04D50001E9A38 /* TransactionsListView.swift in Sources */,
				5B6DC1312BFC20E000158A5B /* FiltersEntity.swift in Sources */,
				5B6DC13B2C00102100158A5B /* IconCircleView.swift in Sources */,
				5BBCB7D02BE4902B004E8A47 /* ErrorEntity.swift in Sources */,
				5B6DC12F2BFBE40E00158A5B /* ChipContainerView.swift in Sources */,
				5BD20C642C114DA5000F2228 /* SignupModel.swift in Sources */,
				5BBCB7D62BE8472F004E8A47 /* TransactionModel.swift in Sources */,
				5B41CC462BE1A0B400264C9A /* Errors.swift in Sources */,
				5B41CC422BE0BEC900264C9A /* ProfileViewViewModel.swift in Sources */,
				5B7118432C5C6DC300AACFE1 /* DashboardView.swift in Sources */,
				5BF580C32BE04E71001E9A38 /* AppService.swift in Sources */,
				5B7118362C5206A500AACFE1 /* DuplicateTransactionsView.swift in Sources */,
				5BF580B12BE04887001E9A38 /* NewPlanningView.swift in Sources */,
				5BF580C52BE04EDD001E9A38 /* HttpService.swift in Sources */,
				5BE0DF002BDF5D15003BBD41 /* MainView.swift in Sources */,
				5BAFFABE2C0815E200B9AD26 /* UserModel.swift in Sources */,
				5BF580BA2BE04CE9001E9A38 /* FiltersView.swift in Sources */,
				5B2A498B2C5EE45B007B9525 /* DashboardExpiringTransactionsSection.swift in Sources */,
				5B2A49902C5F4C78007B9525 /* DashboardModel.swift in Sources */,
				5BF580A92BE047F2001E9A38 /* PlanningsView.swift in Sources */,
				5B4833752C3722F0006C15CD /* PlanningStore.swift in Sources */,
				5BF580CA2BE0734C001E9A38 /* AppViewViewModel.swift in Sources */,
				5BF580C82BE0526B001E9A38 /* TransactionType.swift in Sources */,
				5B5BDA392BE02104009046D1 /* PlanningEntity.swift in Sources */,
				5BBCB7CE2BE4631A004E8A47 /* TransactionsViewViewModel.swift in Sources */,
				5BF580AF2BE0482C001E9A38 /* ProfileView.swift in Sources */,
				5BE3AD692C6C42590015A11A /* WelcomeFourthView.swift in Sources */,
				5B8DDEE52BED4EEB003CB056 /* WWButton.swift in Sources */,
				5BF652E32C3F5D1100951806 /* IconRoundedRectangleView.swift in Sources */,
				5B5BDA372BE020F4009046D1 /* AuthEntity.swift in Sources */,
				5BBCB7CA2BE44161004E8A47 /* UtilsService.swift in Sources */,
				5B7118382C5337CB00AACFE1 /* DuplicateTransactionListItemView.swift in Sources */,
				5BA9C9D02BEABF1000F57AC2 /* AppStore.swift in Sources */,
				5B2A498D2C5EE5A4007B9525 /* DashboardViewViewModel.swift in Sources */,
				5BF5808F2BE02637001E9A38 /* CategoryEnum.swift in Sources */,
				5B41CC442BE1A03100264C9A /* PlanningsModel.swift in Sources */,
				5B41CC4A2BE1A59500264C9A /* PlanningItemView.swift in Sources */,
				5B41CC402BE0AB9C00264C9A /* AppConstants.swift in Sources */,
				5B6DC1352C000B7700158A5B /* CategoryEntity.swift in Sources */,
				5B1752072BF068F100998D5E /* TimelineTotalsView.swift in Sources */,
				5BD882232C0EA128004F0620 /* OutlinedTextFieldStyle.swift in Sources */,
				5BE0DEFE2BDF5D15003BBD41 /* WalletWiseApp.swift in Sources */,
				5BEC9E742BEDAFA600C6A967 /* PeriodHeader.swift in Sources */,
				5BBCB7D22BE5EB68004E8A47 /* NewTransactionView.swift in Sources */,
				5BD882272C0EA33F004F0620 /* RoundedTextFieldStyle.swift in Sources */,
				5B7118452C5C74CD00AACFE1 /* PlanningSelectorView.swift in Sources */,
				5BE3AD672C6C410F0015A11A /* WelcomeThirdView.swift in Sources */,
				5B5BDA352BE020B7009046D1 /* UserEntity.swift in Sources */,
				5BF580BE2BE04D66001E9A38 /* TransactionsListItemView.swift in Sources */,
				5B1752012BEFDFDB00998D5E /* TransactionDetailsView.swift in Sources */,
				5BE3AD632C6C3E290015A11A /* WelcomeFirstView.swift in Sources */,
				5B41CC3E2BE0AAC000264C9A /* SigninModel.swift in Sources */,
				5BFAD7E52C655C81003EEB47 /* DashboardTotalsView.swift in Sources */,
				5BE3AD652C6C3E610015A11A /* WelcomeSecondView.swift in Sources */,
				5BD882252C0EA263004F0620 /* UnderlinedTextFieldStyle.swift in Sources */,
			);
			runOnlyForDeploymentPostprocessing = 0;
		};
		5BE0DF072BDF5D18003BBD41 /* Sources */ = {
			isa = PBXSourcesBuildPhase;
			buildActionMask = 2147483647;
			files = (
				5BE0DF102BDF5D18003BBD41 /* WalletWiseTests.swift in Sources */,
			);
			runOnlyForDeploymentPostprocessing = 0;
		};
		5BE0DF112BDF5D18003BBD41 /* Sources */ = {
			isa = PBXSourcesBuildPhase;
			buildActionMask = 2147483647;
			files = (
				5BE0DF1A2BDF5D18003BBD41 /* WalletWiseUITests.swift in Sources */,
				5BE0DF1C2BDF5D18003BBD41 /* WalletWiseUITestsLaunchTests.swift in Sources */,
			);
			runOnlyForDeploymentPostprocessing = 0;
		};
/* End PBXSourcesBuildPhase section */

/* Begin PBXTargetDependency section */
		5BE0DF0D2BDF5D18003BBD41 /* PBXTargetDependency */ = {
			isa = PBXTargetDependency;
			target = 5BE0DEF92BDF5D15003BBD41 /* WalletWise */;
			targetProxy = 5BE0DF0C2BDF5D18003BBD41 /* PBXContainerItemProxy */;
		};
		5BE0DF172BDF5D18003BBD41 /* PBXTargetDependency */ = {
			isa = PBXTargetDependency;
			target = 5BE0DEF92BDF5D15003BBD41 /* WalletWise */;
			targetProxy = 5BE0DF162BDF5D18003BBD41 /* PBXContainerItemProxy */;
		};
/* End PBXTargetDependency section */

/* Begin XCBuildConfiguration section */
		5BE0DF1D2BDF5D18003BBD41 /* Debug */ = {
			isa = XCBuildConfiguration;
			buildSettings = {
				ALWAYS_SEARCH_USER_PATHS = NO;
				ASSETCATALOG_COMPILER_GENERATE_SWIFT_ASSET_SYMBOL_EXTENSIONS = YES;
				CLANG_ANALYZER_NONNULL = YES;
				CLANG_ANALYZER_NUMBER_OBJECT_CONVERSION = YES_AGGRESSIVE;
				CLANG_CXX_LANGUAGE_STANDARD = "gnu++20";
				CLANG_ENABLE_MODULES = YES;
				CLANG_ENABLE_OBJC_ARC = YES;
				CLANG_ENABLE_OBJC_WEAK = YES;
				CLANG_WARN_BLOCK_CAPTURE_AUTORELEASING = YES;
				CLANG_WARN_BOOL_CONVERSION = YES;
				CLANG_WARN_COMMA = YES;
				CLANG_WARN_CONSTANT_CONVERSION = YES;
				CLANG_WARN_DEPRECATED_OBJC_IMPLEMENTATIONS = YES;
				CLANG_WARN_DIRECT_OBJC_ISA_USAGE = YES_ERROR;
				CLANG_WARN_DOCUMENTATION_COMMENTS = YES;
				CLANG_WARN_EMPTY_BODY = YES;
				CLANG_WARN_ENUM_CONVERSION = YES;
				CLANG_WARN_INFINITE_RECURSION = YES;
				CLANG_WARN_INT_CONVERSION = YES;
				CLANG_WARN_NON_LITERAL_NULL_CONVERSION = YES;
				CLANG_WARN_OBJC_IMPLICIT_RETAIN_SELF = YES;
				CLANG_WARN_OBJC_LITERAL_CONVERSION = YES;
				CLANG_WARN_OBJC_ROOT_CLASS = YES_ERROR;
				CLANG_WARN_QUOTED_INCLUDE_IN_FRAMEWORK_HEADER = YES;
				CLANG_WARN_RANGE_LOOP_ANALYSIS = YES;
				CLANG_WARN_STRICT_PROTOTYPES = YES;
				CLANG_WARN_SUSPICIOUS_MOVE = YES;
				CLANG_WARN_UNGUARDED_AVAILABILITY = YES_AGGRESSIVE;
				CLANG_WARN_UNREACHABLE_CODE = YES;
				CLANG_WARN__DUPLICATE_METHOD_MATCH = YES;
				COPY_PHASE_STRIP = NO;
				DEBUG_INFORMATION_FORMAT = dwarf;
				ENABLE_STRICT_OBJC_MSGSEND = YES;
				ENABLE_TESTABILITY = YES;
				ENABLE_USER_SCRIPT_SANDBOXING = YES;
				GCC_C_LANGUAGE_STANDARD = gnu17;
				GCC_DYNAMIC_NO_PIC = NO;
				GCC_NO_COMMON_BLOCKS = YES;
				GCC_OPTIMIZATION_LEVEL = 0;
				GCC_PREPROCESSOR_DEFINITIONS = (
					"DEBUG=1",
					"$(inherited)",
				);
				GCC_WARN_64_TO_32_BIT_CONVERSION = YES;
				GCC_WARN_ABOUT_RETURN_TYPE = YES_ERROR;
				GCC_WARN_UNDECLARED_SELECTOR = YES;
				GCC_WARN_UNINITIALIZED_AUTOS = YES_AGGRESSIVE;
				GCC_WARN_UNUSED_FUNCTION = YES;
				GCC_WARN_UNUSED_VARIABLE = YES;
				LOCALIZATION_PREFERS_STRING_CATALOGS = YES;
				MTL_ENABLE_DEBUG_INFO = INCLUDE_SOURCE;
				MTL_FAST_MATH = YES;
				ONLY_ACTIVE_ARCH = YES;
				SWIFT_ACTIVE_COMPILATION_CONDITIONS = "DEBUG $(inherited)";
				SWIFT_OPTIMIZATION_LEVEL = "-Onone";
			};
			name = Debug;
		};
		5BE0DF1E2BDF5D18003BBD41 /* Release */ = {
			isa = XCBuildConfiguration;
			buildSettings = {
				ALWAYS_SEARCH_USER_PATHS = NO;
				ASSETCATALOG_COMPILER_GENERATE_SWIFT_ASSET_SYMBOL_EXTENSIONS = YES;
				CLANG_ANALYZER_NONNULL = YES;
				CLANG_ANALYZER_NUMBER_OBJECT_CONVERSION = YES_AGGRESSIVE;
				CLANG_CXX_LANGUAGE_STANDARD = "gnu++20";
				CLANG_ENABLE_MODULES = YES;
				CLANG_ENABLE_OBJC_ARC = YES;
				CLANG_ENABLE_OBJC_WEAK = YES;
				CLANG_WARN_BLOCK_CAPTURE_AUTORELEASING = YES;
				CLANG_WARN_BOOL_CONVERSION = YES;
				CLANG_WARN_COMMA = YES;
				CLANG_WARN_CONSTANT_CONVERSION = YES;
				CLANG_WARN_DEPRECATED_OBJC_IMPLEMENTATIONS = YES;
				CLANG_WARN_DIRECT_OBJC_ISA_USAGE = YES_ERROR;
				CLANG_WARN_DOCUMENTATION_COMMENTS = YES;
				CLANG_WARN_EMPTY_BODY = YES;
				CLANG_WARN_ENUM_CONVERSION = YES;
				CLANG_WARN_INFINITE_RECURSION = YES;
				CLANG_WARN_INT_CONVERSION = YES;
				CLANG_WARN_NON_LITERAL_NULL_CONVERSION = YES;
				CLANG_WARN_OBJC_IMPLICIT_RETAIN_SELF = YES;
				CLANG_WARN_OBJC_LITERAL_CONVERSION = YES;
				CLANG_WARN_OBJC_ROOT_CLASS = YES_ERROR;
				CLANG_WARN_QUOTED_INCLUDE_IN_FRAMEWORK_HEADER = YES;
				CLANG_WARN_RANGE_LOOP_ANALYSIS = YES;
				CLANG_WARN_STRICT_PROTOTYPES = YES;
				CLANG_WARN_SUSPICIOUS_MOVE = YES;
				CLANG_WARN_UNGUARDED_AVAILABILITY = YES_AGGRESSIVE;
				CLANG_WARN_UNREACHABLE_CODE = YES;
				CLANG_WARN__DUPLICATE_METHOD_MATCH = YES;
				COPY_PHASE_STRIP = NO;
				DEBUG_INFORMATION_FORMAT = "dwarf-with-dsym";
				ENABLE_NS_ASSERTIONS = NO;
				ENABLE_STRICT_OBJC_MSGSEND = YES;
				ENABLE_USER_SCRIPT_SANDBOXING = YES;
				GCC_C_LANGUAGE_STANDARD = gnu17;
				GCC_NO_COMMON_BLOCKS = YES;
				GCC_WARN_64_TO_32_BIT_CONVERSION = YES;
				GCC_WARN_ABOUT_RETURN_TYPE = YES_ERROR;
				GCC_WARN_UNDECLARED_SELECTOR = YES;
				GCC_WARN_UNINITIALIZED_AUTOS = YES_AGGRESSIVE;
				GCC_WARN_UNUSED_FUNCTION = YES;
				GCC_WARN_UNUSED_VARIABLE = YES;
				LOCALIZATION_PREFERS_STRING_CATALOGS = YES;
				MTL_ENABLE_DEBUG_INFO = NO;
				MTL_FAST_MATH = YES;
				SWIFT_COMPILATION_MODE = wholemodule;
			};
			name = Release;
		};
		5BE0DF202BDF5D18003BBD41 /* Debug */ = {
			isa = XCBuildConfiguration;
			buildSettings = {
				ASSETCATALOG_COMPILER_APPICON_NAME = AppIcon;
				ASSETCATALOG_COMPILER_GLOBAL_ACCENT_COLOR_NAME = AccentColor;
				ASSETCATALOG_COMPILER_INCLUDE_ALL_APPICON_ASSETS = NO;
				CODE_SIGN_ENTITLEMENTS = WalletWise/WalletWise.entitlements;
				CODE_SIGN_STYLE = Automatic;
				CURRENT_PROJECT_VERSION = 1;
				DEVELOPMENT_ASSET_PATHS = "\"WalletWise/Preview Content\"";
				DEVELOPMENT_TEAM = WY7JFYX47P;
				ENABLE_PREVIEWS = YES;
				GENERATE_INFOPLIST_FILE = YES;
				INFOPLIST_FILE = WalletWise/Info.plist;
				INFOPLIST_KEY_CFBundleDisplayName = "";
				INFOPLIST_KEY_LSApplicationCategoryType = "public.app-category.finance";
				"INFOPLIST_KEY_UIApplicationSceneManifest_Generation[sdk=iphoneos*]" = YES;
				"INFOPLIST_KEY_UIApplicationSceneManifest_Generation[sdk=iphonesimulator*]" = YES;
				"INFOPLIST_KEY_UIApplicationSupportsIndirectInputEvents[sdk=iphoneos*]" = YES;
				"INFOPLIST_KEY_UIApplicationSupportsIndirectInputEvents[sdk=iphonesimulator*]" = YES;
				"INFOPLIST_KEY_UILaunchScreen_Generation[sdk=iphoneos*]" = YES;
				"INFOPLIST_KEY_UILaunchScreen_Generation[sdk=iphonesimulator*]" = YES;
				INFOPLIST_KEY_UILaunchStoryboardName = "Launch Screen.storyboard";
				INFOPLIST_KEY_UIStatusBarStyle = "";
				"INFOPLIST_KEY_UIStatusBarStyle[sdk=iphoneos*]" = UIStatusBarStyleDefault;
				"INFOPLIST_KEY_UIStatusBarStyle[sdk=iphonesimulator*]" = UIStatusBarStyleDefault;
				INFOPLIST_KEY_UISupportedInterfaceOrientations = UIInterfaceOrientationPortrait;
				INFOPLIST_KEY_UISupportedInterfaceOrientations_iPad = "UIInterfaceOrientationLandscapeLeft UIInterfaceOrientationLandscapeRight UIInterfaceOrientationPortrait UIInterfaceOrientationPortraitUpsideDown";
				IPHONEOS_DEPLOYMENT_TARGET = 17.2;
				LD_RUNPATH_SEARCH_PATHS = "@executable_path/Frameworks";
				"LD_RUNPATH_SEARCH_PATHS[sdk=macosx*]" = "@executable_path/../Frameworks";
				MACOSX_DEPLOYMENT_TARGET = 13.6;
				MARKETING_VERSION = 1.0.0;
				PRODUCT_BUNDLE_IDENTIFIER = dev.nicolasz.WalletWise;
				PRODUCT_NAME = "$(TARGET_NAME)";
				SDKROOT = auto;
				SUPPORTED_PLATFORMS = "iphoneos iphonesimulator";
				SUPPORTS_MACCATALYST = NO;
				SWIFT_EMIT_LOC_STRINGS = YES;
				SWIFT_VERSION = 5.0;
				TARGETED_DEVICE_FAMILY = "1,2";
			};
			name = Debug;
		};
		5BE0DF212BDF5D18003BBD41 /* Release */ = {
			isa = XCBuildConfiguration;
			buildSettings = {
				ASSETCATALOG_COMPILER_APPICON_NAME = AppIcon;
				ASSETCATALOG_COMPILER_GLOBAL_ACCENT_COLOR_NAME = AccentColor;
				ASSETCATALOG_COMPILER_INCLUDE_ALL_APPICON_ASSETS = NO;
				CODE_SIGN_ENTITLEMENTS = WalletWise/WalletWise.entitlements;
				CODE_SIGN_STYLE = Automatic;
				CURRENT_PROJECT_VERSION = 1;
				DEVELOPMENT_ASSET_PATHS = "\"WalletWise/Preview Content\"";
				DEVELOPMENT_TEAM = WY7JFYX47P;
				ENABLE_PREVIEWS = YES;
				GENERATE_INFOPLIST_FILE = YES;
				INFOPLIST_FILE = WalletWise/Info.plist;
				INFOPLIST_KEY_CFBundleDisplayName = "";
				INFOPLIST_KEY_LSApplicationCategoryType = "public.app-category.finance";
				"INFOPLIST_KEY_UIApplicationSceneManifest_Generation[sdk=iphoneos*]" = YES;
				"INFOPLIST_KEY_UIApplicationSceneManifest_Generation[sdk=iphonesimulator*]" = YES;
				"INFOPLIST_KEY_UIApplicationSupportsIndirectInputEvents[sdk=iphoneos*]" = YES;
				"INFOPLIST_KEY_UIApplicationSupportsIndirectInputEvents[sdk=iphonesimulator*]" = YES;
				"INFOPLIST_KEY_UILaunchScreen_Generation[sdk=iphoneos*]" = YES;
				"INFOPLIST_KEY_UILaunchScreen_Generation[sdk=iphonesimulator*]" = YES;
				INFOPLIST_KEY_UILaunchStoryboardName = "Launch Screen.storyboard";
				INFOPLIST_KEY_UIStatusBarStyle = "";
				"INFOPLIST_KEY_UIStatusBarStyle[sdk=iphoneos*]" = UIStatusBarStyleDefault;
				"INFOPLIST_KEY_UIStatusBarStyle[sdk=iphonesimulator*]" = UIStatusBarStyleDefault;
				INFOPLIST_KEY_UISupportedInterfaceOrientations = UIInterfaceOrientationPortrait;
				INFOPLIST_KEY_UISupportedInterfaceOrientations_iPad = "UIInterfaceOrientationLandscapeLeft UIInterfaceOrientationLandscapeRight UIInterfaceOrientationPortrait UIInterfaceOrientationPortraitUpsideDown";
				IPHONEOS_DEPLOYMENT_TARGET = 17.2;
				LD_RUNPATH_SEARCH_PATHS = "@executable_path/Frameworks";
				"LD_RUNPATH_SEARCH_PATHS[sdk=macosx*]" = "@executable_path/../Frameworks";
				MACOSX_DEPLOYMENT_TARGET = 13.6;
				MARKETING_VERSION = 1.0.0;
				PRODUCT_BUNDLE_IDENTIFIER = dev.nicolasz.WalletWise;
				PRODUCT_NAME = "$(TARGET_NAME)";
				SDKROOT = auto;
				SUPPORTED_PLATFORMS = "iphoneos iphonesimulator";
				SUPPORTS_MACCATALYST = NO;
				SWIFT_EMIT_LOC_STRINGS = YES;
				SWIFT_VERSION = 5.0;
				TARGETED_DEVICE_FAMILY = "1,2";
			};
			name = Release;
		};
		5BE0DF232BDF5D18003BBD41 /* Debug */ = {
			isa = XCBuildConfiguration;
			buildSettings = {
				ALWAYS_EMBED_SWIFT_STANDARD_LIBRARIES = YES;
				BUNDLE_LOADER = "$(TEST_HOST)";
				CODE_SIGN_STYLE = Automatic;
				CURRENT_PROJECT_VERSION = 1;
				DEVELOPMENT_TEAM = WY7JFYX47P;
				GENERATE_INFOPLIST_FILE = YES;
				IPHONEOS_DEPLOYMENT_TARGET = 17.2;
				MACOSX_DEPLOYMENT_TARGET = 13.6;
				MARKETING_VERSION = 1.0;
				PRODUCT_BUNDLE_IDENTIFIER = dev.nicolasz.WalletWiseTests;
				PRODUCT_NAME = "$(TARGET_NAME)";
				SDKROOT = auto;
				SUPPORTED_PLATFORMS = "iphoneos iphonesimulator macosx";
				SWIFT_EMIT_LOC_STRINGS = NO;
				SWIFT_VERSION = 5.0;
				TARGETED_DEVICE_FAMILY = "1,2";
				TEST_HOST = "$(BUILT_PRODUCTS_DIR)/WalletWise.app/$(BUNDLE_EXECUTABLE_FOLDER_PATH)/WalletWise";
			};
			name = Debug;
		};
		5BE0DF242BDF5D18003BBD41 /* Release */ = {
			isa = XCBuildConfiguration;
			buildSettings = {
				ALWAYS_EMBED_SWIFT_STANDARD_LIBRARIES = YES;
				BUNDLE_LOADER = "$(TEST_HOST)";
				CODE_SIGN_STYLE = Automatic;
				CURRENT_PROJECT_VERSION = 1;
				DEVELOPMENT_TEAM = WY7JFYX47P;
				GENERATE_INFOPLIST_FILE = YES;
				IPHONEOS_DEPLOYMENT_TARGET = 17.2;
				MACOSX_DEPLOYMENT_TARGET = 13.6;
				MARKETING_VERSION = 1.0;
				PRODUCT_BUNDLE_IDENTIFIER = dev.nicolasz.WalletWiseTests;
				PRODUCT_NAME = "$(TARGET_NAME)";
				SDKROOT = auto;
				SUPPORTED_PLATFORMS = "iphoneos iphonesimulator macosx";
				SWIFT_EMIT_LOC_STRINGS = NO;
				SWIFT_VERSION = 5.0;
				TARGETED_DEVICE_FAMILY = "1,2";
				TEST_HOST = "$(BUILT_PRODUCTS_DIR)/WalletWise.app/$(BUNDLE_EXECUTABLE_FOLDER_PATH)/WalletWise";
			};
			name = Release;
		};
		5BE0DF262BDF5D18003BBD41 /* Debug */ = {
			isa = XCBuildConfiguration;
			buildSettings = {
				ALWAYS_EMBED_SWIFT_STANDARD_LIBRARIES = YES;
				CODE_SIGN_STYLE = Automatic;
				CURRENT_PROJECT_VERSION = 1;
				DEVELOPMENT_TEAM = WY7JFYX47P;
				GENERATE_INFOPLIST_FILE = YES;
				IPHONEOS_DEPLOYMENT_TARGET = 17.2;
				MACOSX_DEPLOYMENT_TARGET = 13.6;
				MARKETING_VERSION = 1.0;
				PRODUCT_BUNDLE_IDENTIFIER = dev.nicolasz.WalletWiseUITests;
				PRODUCT_NAME = "$(TARGET_NAME)";
				SDKROOT = auto;
				SUPPORTED_PLATFORMS = "iphoneos iphonesimulator macosx";
				SWIFT_EMIT_LOC_STRINGS = NO;
				SWIFT_VERSION = 5.0;
				TARGETED_DEVICE_FAMILY = "1,2";
				TEST_TARGET_NAME = WalletWise;
			};
			name = Debug;
		};
		5BE0DF272BDF5D18003BBD41 /* Release */ = {
			isa = XCBuildConfiguration;
			buildSettings = {
				ALWAYS_EMBED_SWIFT_STANDARD_LIBRARIES = YES;
				CODE_SIGN_STYLE = Automatic;
				CURRENT_PROJECT_VERSION = 1;
				DEVELOPMENT_TEAM = WY7JFYX47P;
				GENERATE_INFOPLIST_FILE = YES;
				IPHONEOS_DEPLOYMENT_TARGET = 17.2;
				MACOSX_DEPLOYMENT_TARGET = 13.6;
				MARKETING_VERSION = 1.0;
				PRODUCT_BUNDLE_IDENTIFIER = dev.nicolasz.WalletWiseUITests;
				PRODUCT_NAME = "$(TARGET_NAME)";
				SDKROOT = auto;
				SUPPORTED_PLATFORMS = "iphoneos iphonesimulator macosx";
				SWIFT_EMIT_LOC_STRINGS = NO;
				SWIFT_VERSION = 5.0;
				TARGETED_DEVICE_FAMILY = "1,2";
				TEST_TARGET_NAME = WalletWise;
			};
			name = Release;
		};
/* End XCBuildConfiguration section */

/* Begin XCConfigurationList section */
		5BE0DEF52BDF5D15003BBD41 /* Build configuration list for PBXProject "WalletWise" */ = {
			isa = XCConfigurationList;
			buildConfigurations = (
				5BE0DF1D2BDF5D18003BBD41 /* Debug */,
				5BE0DF1E2BDF5D18003BBD41 /* Release */,
			);
			defaultConfigurationIsVisible = 0;
			defaultConfigurationName = Release;
		};
		5BE0DF1F2BDF5D18003BBD41 /* Build configuration list for PBXNativeTarget "WalletWise" */ = {
			isa = XCConfigurationList;
			buildConfigurations = (
				5BE0DF202BDF5D18003BBD41 /* Debug */,
				5BE0DF212BDF5D18003BBD41 /* Release */,
			);
			defaultConfigurationIsVisible = 0;
			defaultConfigurationName = Release;
		};
		5BE0DF222BDF5D18003BBD41 /* Build configuration list for PBXNativeTarget "WalletWiseTests" */ = {
			isa = XCConfigurationList;
			buildConfigurations = (
				5BE0DF232BDF5D18003BBD41 /* Debug */,
				5BE0DF242BDF5D18003BBD41 /* Release */,
			);
			defaultConfigurationIsVisible = 0;
			defaultConfigurationName = Release;
		};
		5BE0DF252BDF5D18003BBD41 /* Build configuration list for PBXNativeTarget "WalletWiseUITests" */ = {
			isa = XCConfigurationList;
			buildConfigurations = (
				5BE0DF262BDF5D18003BBD41 /* Debug */,
				5BE0DF272BDF5D18003BBD41 /* Release */,
			);
			defaultConfigurationIsVisible = 0;
			defaultConfigurationName = Release;
		};
/* End XCConfigurationList section */
	};
	rootObject = 5BE0DEF22BDF5D15003BBD41 /* Project object */;
}
